
Microsoft Visual Studio Solution File, Format Version 12.00
# Visual Studio Version 17
VisualStudioVersion = 17.14.36414.22 d17.14
MinimumVisualStudioVersion = 10.0.40219.1
Project("{888888A0-9F3D-457C-B088-3A5042F75D52}") = "Python-IP-tool", "Python-IP-tool\Python-IP-tool.pyproj", "{BC99162C-6A1D-4BB0-989E-0E89E552A3D5}"
EndProject
Global
	GlobalSection(SolutionConfigurationPlatforms) = preSolution
		Debug|Any CPU = Debug|Any CPU
		Release|Any CPU = Release|Any CPU
	EndGlobalSection
	GlobalSection(ProjectConfigurationPlatforms) = postSolution
		{BC99162C-6A1D-4BB0-989E-0E89E552A3D5}.Debug|Any CPU.ActiveCfg = Debug|Any CPU
		{BC99162C-6A1D-4BB0-989E-0E89E552A3D5}.Release|Any CPU.ActiveCfg = Release|Any CPU
	EndGlobalSection
	GlobalSection(SolutionProperties) = preSolution
		HideSolutionNode = FALSE
	EndGlobalSection
	GlobalSection(ExtensibilityGlobals) = postSolution
		SolutionGuid = {A37C69F1-8F41-47D8-90FA-7FF752F6CFA2}
	EndGlobalSection
EndGlobal
